
Microsoft Visual Studio Solution File, Format Version 12.00
# Visual Studio 15
VisualStudioVersion = 15.0.28010.2036
MinimumVisualStudioVersion = 10.0.40219.1
Project("{FAE04EC0-301F-11D3-BF4B-00C04F79EFBC}") = "connect_to_db", "connect_to_db\connect_to_db.csproj", "{02271F78-CB52-473A-BEE2-6A44ADFB2A7D}"
EndProject
Global
	GlobalSection(SolutionConfigurationPlatforms) = preSolution
		Debug|Any CPU = Debug|Any CPU
		Release|Any CPU = Release|Any CPU
	EndGlobalSection
	GlobalSection(ProjectConfigurationPlatforms) = postSolution
		{02271F78-CB52-473A-BEE2-6A44ADFB2A7D}.Debug|Any CPU.ActiveCfg = Debug|Any CPU
		{02271F78-CB52-473A-BEE2-6A44ADFB2A7D}.Debug|Any CPU.Build.0 = Debug|Any CPU
		{02271F78-CB52-473A-BEE2-6A44ADFB2A7D}.Release|Any CPU.ActiveCfg = Release|Any CPU
		{02271F78-CB52-473A-BEE2-6A44ADFB2A7D}.Release|Any CPU.Build.0 = Release|Any CPU
	EndGlobalSection
	GlobalSection(SolutionProperties) = preSolution
		HideSolutionNode = FALSE
	EndGlobalSection
	GlobalSection(ExtensibilityGlobals) = postSolution
		SolutionGuid = {660581D3-1072-4DB2-B406-104317AAA9C0}
	EndGlobalSection
EndGlobal
